
Microsoft Visual Studio Solution File, Format Version 12.00
# Visual Studio Version 16
VisualStudioVersion = 16.0.30804.86
MinimumVisualStudioVersion = 10.0.40219.1
Project("{9A19103F-16F7-4668-BE54-9A1E7A4F7556}") = "Core", "Core\Core.csproj", "{77004A2C-97BF-46C7-9B05-234F3A79B7B0}"
EndProject
Project("{9A19103F-16F7-4668-BE54-9A1E7A4F7556}") = "Entities", "Entities\Entities.csproj", "{D8826C31-971B-41FA-85D4-4B840A800163}"
EndProject
Project("{9A19103F-16F7-4668-BE54-9A1E7A4F7556}") = "DataAccess", "DataAccess\DataAccess.csproj", "{3EC66A2B-B55C-49C3-B988-F5FF7A59F093}"
EndProject
Project("{9A19103F-16F7-4668-BE54-9A1E7A4F7556}") = "Business", "Business\Business.csproj", "{96EC9050-E913-45DA-96A7-C0A42C28ABEF}"
EndProject
Project("{FAE04EC0-301F-11D3-BF4B-00C04F79EFBC}") = "WebAPI", "WebAPI\WebAPI.csproj", "{D5B0E06D-4F17-4477-A68F-4C3436FEF369}"
EndProject
Global
	GlobalSection(SolutionConfigurationPlatforms) = preSolution
		Debug|Any CPU = Debug|Any CPU
		Release|Any CPU = Release|Any CPU
	EndGlobalSection
	GlobalSection(ProjectConfigurationPlatforms) = postSolution
		{77004A2C-97BF-46C7-9B05-234F3A79B7B0}.Debug|Any CPU.ActiveCfg = Debug|Any CPU
		{77004A2C-97BF-46C7-9B05-234F3A79B7B0}.Debug|Any CPU.Build.0 = Debug|Any CPU
		{77004A2C-97BF-46C7-9B05-234F3A79B7B0}.Release|Any CPU.ActiveCfg = Release|Any CPU
		{77004A2C-97BF-46C7-9B05-234F3A79B7B0}.Release|Any CPU.Build.0 = Release|Any CPU
		{D8826C31-971B-41FA-85D4-4B840A800163}.Debug|Any CPU.ActiveCfg = Debug|Any CPU
		{D8826C31-971B-41FA-85D4-4B840A800163}.Debug|Any CPU.Build.0 = Debug|Any CPU
		{D8826C31-971B-41FA-85D4-4B840A800163}.Release|Any CPU.ActiveCfg = Release|Any CPU
		{D8826C31-971B-41FA-85D4-4B840A800163}.Release|Any CPU.Build.0 = Release|Any CPU
		{3EC66A2B-B55C-49C3-B988-F5FF7A59F093}.Debug|Any CPU.ActiveCfg = Debug|Any CPU
		{3EC66A2B-B55C-49C3-B988-F5FF7A59F093}.Debug|Any CPU.Build.0 = Debug|Any CPU
		{3EC66A2B-B55C-49C3-B988-F5FF7A59F093}.Release|Any CPU.ActiveCfg = Release|Any CPU
		{3EC66A2B-B55C-49C3-B988-F5FF7A59F093}.Release|Any CPU.Build.0 = Release|Any CPU
		{96EC9050-E913-45DA-96A7-C0A42C28ABEF}.Debug|Any CPU.ActiveCfg = Debug|Any CPU
		{96EC9050-E913-45DA-96A7-C0A42C28ABEF}.Debug|Any CPU.Build.0 = Debug|Any CPU
		{96EC9050-E913-45DA-96A7-C0A42C28ABEF}.Release|Any CPU.ActiveCfg = Release|Any CPU
		{96EC9050-E913-45DA-96A7-C0A42C28ABEF}.Release|Any CPU.Build.0 = Release|Any CPU
		{D5B0E06D-4F17-4477-A68F-4C3436FEF369}.Debug|Any CPU.ActiveCfg = Debug|Any CPU
		{D5B0E06D-4F17-4477-A68F-4C3436FEF369}.Debug|Any CPU.Build.0 = Debug|Any CPU
		{D5B0E06D-4F17-4477-A68F-4C3436FEF369}.Release|Any CPU.ActiveCfg = Release|Any CPU
		{D5B0E06D-4F17-4477-A68F-4C3436FEF369}.Release|Any CPU.Build.0 = Release|Any CPU
	EndGlobalSection
	GlobalSection(SolutionProperties) = preSolution
		HideSolutionNode = FALSE
	EndGlobalSection
	GlobalSection(ExtensibilityGlobals) = postSolution
		SolutionGuid = {BAEF169F-8FEE-4CED-809A-D8EE6698995D}
	EndGlobalSection
EndGlobal
